{
  "nodes": {
    "catppuccin": {
      "inputs": {
        "nixpkgs": [
          "nixpkgs"
        ]
      },
      "locked": {
        "lastModified": 1768256610,
        "narHash": "sha256-IyL6nZo242nDLoLQVwkqAZXp8FO5kBfjL6Fuh+gZO10=",
        "owner": "catppuccin",
        "repo": "nix",
        "rev": "0734ad8c91342df34f1a1e5c183d053d70ba87c7",
        "type": "github"
      },
      "original": {
        "owner": "catppuccin",
        "ref": "release-25.11",
        "repo": "nix",
        "type": "github"
      }
    },
    "flake-parts": {
      "inputs": {
        "nixpkgs-lib": [
          "nixpkgs"
        ]
      },
      "locked": {
        "lastModified": 1772408722,
        "narHash": "sha256-rHuJtdcOjK7rAHpHphUb1iCvgkU3GpfvicLMwwnfMT0=",
        "owner": "hercules-ci",
        "repo": "flake-parts",
        "rev": "f20dc5d9b8027381c474144ecabc9034d6a839a3",
        "type": "github"
      },
      "original": {
        "owner": "hercules-ci",
        "repo": "flake-parts",
        "type": "github"
      }
    },
    "flake-utils": {
      "inputs": {
        "systems": [
          "systems"
        ]
      },
      "locked": {
        "lastModified": 1731533236,
        "narHash": "sha256-l0KFg5HjrsfsO/JpG+r7fRrqm12kzFHyUHqHCVpMMbI=",
        "owner": "numtide",
        "repo": "flake-utils",
        "rev": "11707dc2f618dd54ca8739b309ec4fc024de578b",
        "type": "github"
      },
      "original": {
        "owner": "numtide",
        "repo": "flake-utils",
        "type": "github"
      }
    },
    "home-manager": {
      "inputs": {
        "nixpkgs": [
          "nixpkgs"
        ]
      },
      "locked": {
        "lastModified": 1774274588,
        "narHash": "sha256-dnHvv5EMUgTzGZmA+3diYjQU2O6BEpGLEOgJ1Qe9LaY=",
        "owner": "nix-community",
        "repo": "home-manager",
        "rev": "cf9686ba26f5ef788226843bc31fda4cf72e373b",
        "type": "github"
      },
      "original": {
        "owner": "nix-community",
        "ref": "release-25.11",
        "repo": "home-manager",
        "type": "github"
      }
    },
    "ixx": {
      "inputs": {
        "flake-utils": [
          "nuschtosSearch",
          "flake-utils"
        ],
        "nixpkgs": [
          "nixpkgs"
        ]
      },
      "locked": {
        "lastModified": 1773353273,
        "narHash": "sha256-MAhuIDmEnsje01XdtHAXKuzo9ZWZXw2z8ommmAFw0ro=",
        "owner": "NuschtOS",
        "repo": "ixx",
        "rev": "5c474fe53ae04572f73a73bd8c316f397a8e5b75",
        "type": "github"
      },
      "original": {
        "owner": "NuschtOS",
        "ref": "packages",
        "repo": "ixx",
        "type": "github"
      }
    },
    "nix-index-database": {
      "inputs": {
        "nixpkgs": [
          "nuschtosSearch",
          "nixpkgs"
        ]
      },
      "locked": {
        "lastModified": 1773552174,
        "narHash": "sha256-mHSRNrT1rjeYBgkAlj07dW3+1nFEgAd8Gu6lgyfT9DU=",
        "owner": "Mic92",
        "repo": "nix-index-database",
        "rev": "8faeb68130df077450451b6734a221ba0d6cde42",
        "type": "github"
      },
      "original": {
        "owner": "Mic92",
        "repo": "nix-index-database",
        "type": "github"
      }
    },
    "nixpkgs": {
      "locked": {
        "lastModified": 1773964973,
        "narHash": "sha256-d2Q5VNbc91GloTZNByC4u3JS8Tj5BjfuOF19/vuJ/iM=",
        "rev": "812b3986fd1568f7a858f97fcf425ad996ba7d25",
        "type": "tarball",
        "url": "https://releases.nixos.org/nixos/25.11/nixos-25.11.7849.812b3986fd15/nixexprs.tar.xz?lastModified=1773964973&rev=812b3986fd1568f7a858f97fcf425ad996ba7d25"
      },
      "original": {
        "type": "tarball",
        "url": "https://channels.nixos.org/nixos-25.11/nixexprs.tar.xz"
      }
    },
    "nixvim": {
      "inputs": {
        "flake-parts": [
          "flake-parts"
        ],
        "nixpkgs": [
          "nixpkgs"
        ],
        "nuschtosSearch": [],
        "systems": [
          "systems"
        ]
      },
      "locked": {
        "lastModified": 1769049374,
        "narHash": "sha256-h0Os2qqNyycDY1FyZgtbn28VF1ySP74/n0f+LDd8j+w=",
        "owner": "nix-community",
        "repo": "nixvim",
        "rev": "b8f76bf5751835647538ef8784e4e6ee8deb8f95",
        "type": "github"
      },
      "original": {
        "owner": "nix-community",
        "ref": "nixos-25.11",
        "repo": "nixvim",
        "type": "github"
      }
    },
    "nuschtosSearch": {
      "inputs": {
        "flake-utils": "flake-utils",
        "ixx": "ixx",
        "nix-index-database": "nix-index-database",
        "nixpkgs": [
          "nixpkgs"
        ]
      },
      "locked": {
        "lastModified": 1774034877,
        "narHash": "sha256-C5BmJbAbU+D1kzz3MkOMtDfXTj/kamoJnVBCBEUWfPk=",
        "owner": "NuschtOS",
        "repo": "search",
        "rev": "9613724665cc8f03cd7bd932e5caf719fe346d13",
        "type": "github"
      },
      "original": {
        "owner": "NuschtOS",
        "ref": "packages",
        "repo": "search",
        "type": "github"
      }
    },
    "root": {
      "inputs": {
        "catppuccin": "catppuccin",
        "flake-parts": "flake-parts",
        "home-manager": "home-manager",
        "nixpkgs": "nixpkgs",
        "nixvim": "nixvim",
        "nuschtosSearch": "nuschtosSearch",
        "systems": "systems",
        "treefmt-nix": "treefmt-nix",
        "unstable": "unstable"
      }
    },
    "systems": {
      "locked": {
        "lastModified": 1681028828,
        "narHash": "sha256-Vy1rq5AaRuLzOxct8nz4T6wlgyUR7zLU309k9mBC768=",
        "owner": "nix-systems",
        "repo": "default",
        "rev": "da67096a3b9bf56a91d16901293e51ba5b49a27e",
        "type": "github"
      },
      "original": {
        "owner": "nix-systems",
        "repo": "default",
        "type": "github"
      }
    },
    "treefmt-nix": {
      "inputs": {
        "nixpkgs": [
          "nixpkgs"
        ]
      },
      "locked": {
        "lastModified": 1773297127,
        "narHash": "sha256-6E/yhXP7Oy/NbXtf1ktzmU8SdVqJQ09HC/48ebEGBpk=",
        "owner": "numtide",
        "repo": "treefmt-nix",
        "rev": "71b125cd05fbfd78cab3e070b73544abe24c5016",
        "type": "github"
      },
      "original": {
        "owner": "numtide",
        "repo": "treefmt-nix",
        "type": "github"
      }
    },
    "unstable": {
      "locked": {
        "lastModified": 1774106199,
        "narHash": "sha256-n6Edjl/GL8HQ5SURLc7yE3qAb1hf+9ues8aNtHZnjTA=",
        "rev": "6c9a78c09ff4d6c21d0319114873508a6ec01655",
        "type": "tarball",
        "url": "https://releases.nixos.org/nixos/unstable/nixos-26.05pre967235.6c9a78c09ff4/nixexprs.tar.xz?lastModified=1774106199&rev=6c9a78c09ff4d6c21d0319114873508a6ec01655"
      },
      "original": {
        "type": "tarball",
        "url": "https://channels.nixos.org/nixos-unstable/nixexprs.tar.xz"
      }
    }
  },
  "root": "root",
  "version": 7
}
